{
  "name": "@otpjs/proclib",
  "version": "0.1.1",
  "lockfileVersion": 2,
  "requires": true,
  "packages": {
    "": {
      "name": "@otpjs/proclib",
      "version": "0.1.1",
      "license": "MIT",
      "dependencies": {
        "@otpjs/core": "file:../core"
      }
    },
    "../core": {
      "name": "@otpjs/core",
      "version": "0.1.1",
      "license": "MIT"
    },
    "node_modules/@otpjs/core": {
      "resolved": "../core",
      "link": true
    }
  },
  "dependencies": {
    "@otpjs/core": {
      "version": "file:../core"
    }
  }
}
