{
  "name": "@otpjs/gen_server",
  "version": "0.2.0",
  "lockfileVersion": 2,
  "requires": true,
  "packages": {
    "": {
      "name": "@otpjs/gen_server",
      "version": "0.1.1",
      "license": "MIT",
      "devDependencies": {
        "@otpjs/test_utils": "file:../test_utils"
      }
    },
    "../test_utils": {
      "version": "0.1.1",
      "dev": true,
      "license": "MIT"
    },
    "node_modules/@otpjs/test_utils": {
      "resolved": "../test_utils",
      "link": true
    }
  },
  "dependencies": {
    "@otpjs/test_utils": {
      "version": "file:../test_utils"
    }
  }
}
