{
    "name": "@otpjs/transports-tcp",
    "version": "0.13.0",
    "lockfileVersion": 2,
    "requires": true,
    "packages": {
        "": {
            "name": "@otpjs/transports-tcp",
            "version": "0.10.0",
            "license": "ISC",
            "dependencies": {
                "@otpjs/serializer-ertf": "file:../../serializers/ertf"
            }
        },
        "../../serializers/ertf": {
            "version": "0.10.1",
            "license": "ISC"
        },
        "node_modules/@otpjs/serializer-ertf": {
            "resolved": "../../serializers/ertf",
            "link": true
        }
    },
    "dependencies": {
        "@otpjs/serializer-ertf": {
            "version": "file:../../serializers/ertf"
        }
    }
}
